<Solution>
  <Project Path="ICCProfileViewer.Core/ICCProfileViewer.Core.csproj" />
  <Project Path="ICCProfileViewer.Core.Tests/ICCProfileViewer.Core.Tests.csproj" />
  <Project Path="ICCProfileViewer.Lcms/ICCProfileViewer.Lcms.csproj" />
  <Project Path="ICCProfileViewer.Lcms.IntegrationTests/ICCProfileViewer.Lcms.IntegrationTests.csproj" />
  <Project Path="ICCProfileViewer.Lcms.IntegrationTestHost/ICCProfileViewer.Lcms.IntegrationTestHost.csproj" />
</Solution>
